
Microsoft Visual Studio Solution File, Format Version 12.00
# Visual Studio 15
VisualStudioVersion = 15.0.27428.1
MinimumVisualStudioVersion = 10.0.40219.1
Project("{FAE04EC0-301F-11D3-BF4B-00C04F79EFBC}") = "CodeFIrstDemo", "CodeFIrstDemo\CodeFIrstDemo.csproj", "{B9BA2E87-EED1-4E3C-A81C-A49C4C39AD55}"
EndProject
Global
	GlobalSection(SolutionConfigurationPlatforms) = preSolution
		Debug|Any CPU = Debug|Any CPU
		Release|Any CPU = Release|Any CPU
	EndGlobalSection
	GlobalSection(ProjectConfigurationPlatforms) = postSolution
		{B9BA2E87-EED1-4E3C-A81C-A49C4C39AD55}.Debug|Any CPU.ActiveCfg = Debug|Any CPU
		{B9BA2E87-EED1-4E3C-A81C-A49C4C39AD55}.Debug|Any CPU.Build.0 = Debug|Any CPU
		{B9BA2E87-EED1-4E3C-A81C-A49C4C39AD55}.Release|Any CPU.ActiveCfg = Release|Any CPU
		{B9BA2E87-EED1-4E3C-A81C-A49C4C39AD55}.Release|Any CPU.Build.0 = Release|Any CPU
	EndGlobalSection
	GlobalSection(SolutionProperties) = preSolution
		HideSolutionNode = FALSE
	EndGlobalSection
	GlobalSection(ExtensibilityGlobals) = postSolution
		SolutionGuid = {F2D5B5CE-0128-4153-9391-22E7FE251185}
	EndGlobalSection
EndGlobal
